{
  "name": "tapable-demo",
  "version": "1.0.0",
  "lockfileVersion": 1,
  "requires": true,
  "dependencies": {
    "tapable": {
      "version": "2.0.0-beta.4",
      "resolved": "https://registry.npmjs.org/tapable/-/tapable-2.0.0-beta.4.tgz",
      "integrity": "sha512-2SqW2/WlGd2mP0ukqm8KQCou36O77zdqo2e+pp5viqGRIcHuUGB+TLA8OnzOh/wUAF6467htfNsWmWV92vufNQ=="
    }
  }
}
